// !$*UTF8*$!
{
	archiveVersion = 1;
	classes = {
	};
	objectVersion = 46;
	objects = {

/* Begin PBXBuildFile section */
		8448A32A15240062005E31B8 /* Icon-72.png in Resources */ = {isa = PBXBuildFile; fileRef = 8448A32615240062005E31B8 /* Icon-72.png */; };
		8448A32B15240062005E31B8 /* Icon.png in Resources */ = {isa = PBXBuildFile; fileRef = 8448A32715240062005E31B8 /* Icon.png */; };
		8448A32C15240062005E31B8 /* Icon@2x.png in Resources */ = {isa = PBXBuildFile; fileRef = 8448A32815240062005E31B8 /* Icon@2x.png */; };
		8448A32D15240062005E31B8 /* iTunesArtwork.png in Resources */ = {isa = PBXBuildFile; fileRef = 8448A32915240062005E31B8 /* iTunesArtwork.png */; };
		84508F68151140960026D3BC /* libGoogleAdMobAds.a in Frameworks */ = {isa = PBXBuildFile; fileRef = 84508F67151140960026D3BC /* libGoogleAdMobAds.a */; };
		84508F6B151140DC0026D3BC /* AudioToolbox.framework in Frameworks */ = {isa = PBXBuildFile; fileRef = 84508F6A151140DC0026D3BC /* AudioToolbox.framework */; };
		84508F6D151140E70026D3BC /* MessageUI.framework in Frameworks */ = {isa = PBXBuildFile; fileRef = 84508F6C151140E70026D3BC /* MessageUI.framework */; };
		84508F70151141870026D3BC /* SystemConfiguration.framework in Frameworks */ = {isa = PBXBuildFile; fileRef = 84508F6E151140F50026D3BC /* SystemConfiguration.framework */; };
		84508F821513AFE40026D3BC /* Icon-72.png in Resources */ = {isa = PBXBuildFile; fileRef = 84508F7E1513AFE40026D3BC /* Icon-72.png */; };
		84508F831513AFE40026D3BC /* Icon.png in Resources */ = {isa = PBXBuildFile; fileRef = 84508F7F1513AFE40026D3BC /* Icon.png */; };
		84508F841513AFE40026D3BC /* Icon@2x.png in Resources */ = {isa = PBXBuildFile; fileRef = 84508F801513AFE40026D3BC /* Icon@2x.png */; };
		84508F851513AFE40026D3BC /* iTunesArtwork.png in Resources */ = {isa = PBXBuildFile; fileRef = 84508F811513AFE40026D3BC /* iTunesArtwork.png */; };
		84508F881513B4F90026D3BC /* Default.png in Resources */ = {isa = PBXBuildFile; fileRef = 84508F861513B4F90026D3BC /* Default.png */; };
		84508F891513B4F90026D3BC /* Default@2x.png in Resources */ = {isa = PBXBuildFile; fileRef = 84508F871513B4F90026D3BC /* Default@2x.png */; };
		8464134F1485D00000922D4A /* PotionsViewController.m in Sources */ = {isa = PBXBuildFile; fileRef = 8464134E1485D00000922D4A /* PotionsViewController.m */; };
		846413531485D16800922D4A /* IngredientsViewController.m in Sources */ = {isa = PBXBuildFile; fileRef = 846413521485D16800922D4A /* IngredientsViewController.m */; };
		846413631485EE0100922D4A /* Component.m in Sources */ = {isa = PBXBuildFile; fileRef = 846413621485EE0100922D4A /* Component.m */; };
		846413661485EE0100922D4A /* Ingredient.m in Sources */ = {isa = PBXBuildFile; fileRef = 846413651485EE0100922D4A /* Ingredient.m */; };
		8464136C1485EE0100922D4A /* Recipe.m in Sources */ = {isa = PBXBuildFile; fileRef = 8464136B1485EE0100922D4A /* Recipe.m */; };
		8464136F1485EE0100922D4A /* Equipment.m in Sources */ = {isa = PBXBuildFile; fileRef = 8464136E1485EE0100922D4A /* Equipment.m */; };
		846413721485EE4A00922D4A /* Effect.m in Sources */ = {isa = PBXBuildFile; fileRef = 846413711485EE4A00922D4A /* Effect.m */; };
		846413751485EF3300922D4A /* IngredientDetailViewController.m in Sources */ = {isa = PBXBuildFile; fileRef = 846413741485EF3300922D4A /* IngredientDetailViewController.m */; };
		84736EF714986A4400BA49A5 /* WeaponsViewController.m in Sources */ = {isa = PBXBuildFile; fileRef = 84736EF614986A4400BA49A5 /* WeaponsViewController.m */; };
		8474C0ED148C6C1B008601D6 /* ArmorsViewController.m in Sources */ = {isa = PBXBuildFile; fileRef = 8474C0EC148C6C1B008601D6 /* ArmorsViewController.m */; };
		848D9B2614871D9D004AD149 /* PotionDetailViewController.m in Sources */ = {isa = PBXBuildFile; fileRef = 848D9B2514871D9D004AD149 /* PotionDetailViewController.m */; };
		84AEEC3914A04300009E9AA2 /* 91-beaker-2.png in Resources */ = {isa = PBXBuildFile; fileRef = 84AEEC3714A04300009E9AA2 /* 91-beaker-2.png */; };
		84AEEC3A14A04300009E9AA2 /* 91-beaker-2@2x.png in Resources */ = {isa = PBXBuildFile; fileRef = 84AEEC3814A04300009E9AA2 /* 91-beaker-2@2x.png */; };
		84AEEC3D14A04381009E9AA2 /* 134-viking.png in Resources */ = {isa = PBXBuildFile; fileRef = 84AEEC3B14A04381009E9AA2 /* 134-viking.png */; };
		84AEEC3E14A04381009E9AA2 /* 134-viking@2x.png in Resources */ = {isa = PBXBuildFile; fileRef = 84AEEC3C14A04381009E9AA2 /* 134-viking@2x.png */; };
		84AEEC4114A043B6009E9AA2 /* 224-flower.png in Resources */ = {isa = PBXBuildFile; fileRef = 84AEEC3F14A043B6009E9AA2 /* 224-flower.png */; };
		84AEEC4214A043B6009E9AA2 /* 224-flower@2x.png in Resources */ = {isa = PBXBuildFile; fileRef = 84AEEC4014A043B6009E9AA2 /* 224-flower@2x.png */; };
		84AEEC4514A043D8009E9AA2 /* 251-sword.png in Resources */ = {isa = PBXBuildFile; fileRef = 84AEEC4314A043D8009E9AA2 /* 251-sword.png */; };
		84AEEC4614A043D8009E9AA2 /* 251-sword@2x.png in Resources */ = {isa = PBXBuildFile; fileRef = 84AEEC4414A043D8009E9AA2 /* 251-sword@2x.png */; };
		84AEEC4914A04427009E9AA2 /* EquipmentDetailViewController.m in Sources */ = {isa = PBXBuildFile; fileRef = 84AEEC4814A04427009E9AA2 /* EquipmentDetailViewController.m */; };
		84AEEC4E14A176D0009E9AA2 /* ComponentViewController.m in Sources */ = {isa = PBXBuildFile; fileRef = 84AEEC4D14A176D0009E9AA2 /* ComponentViewController.m */; };
		84AEEC5314A17881009E9AA2 /* ComponentDetailViewController.m in Sources */ = {isa = PBXBuildFile; fileRef = 84AEEC5214A17881009E9AA2 /* ComponentDetailViewController.m */; };
		84AEEC5614A17AAB009E9AA2 /* 181-hammer.png in Resources */ = {isa = PBXBuildFile; fileRef = 84AEEC5414A17AAB009E9AA2 /* 181-hammer.png */; };
		84AEEC5714A17AAB009E9AA2 /* 181-hammer@2x.png in Resources */ = {isa = PBXBuildFile; fileRef = 84AEEC5514A17AAB009E9AA2 /* 181-hammer@2x.png */; };
		84AEEC5D14A2DAC5009E9AA2 /* Skyrim_Crafting.sqlite in Resources */ = {isa = PBXBuildFile; fileRef = 84AEEC5C14A2DAC5009E9AA2 /* Skyrim_Crafting.sqlite */; };
		84DA2B0E1478188F000075AC /* UIKit.framework in Frameworks */ = {isa = PBXBuildFile; fileRef = 84DA2B0D1478188F000075AC /* UIKit.framework */; };
		84DA2B101478188F000075AC /* Foundation.framework in Frameworks */ = {isa = PBXBuildFile; fileRef = 84DA2B0F1478188F000075AC /* Foundation.framework */; };
		84DA2B121478188F000075AC /* CoreGraphics.framework in Frameworks */ = {isa = PBXBuildFile; fileRef = 84DA2B111478188F000075AC /* CoreGraphics.framework */; };
		84DA2B1414781890000075AC /* CoreData.framework in Frameworks */ = {isa = PBXBuildFile; fileRef = 84DA2B131478188F000075AC /* CoreData.framework */; };
		84DA2B1A14781890000075AC /* InfoPlist.strings in Resources */ = {isa = PBXBuildFile; fileRef = 84DA2B1814781890000075AC /* InfoPlist.strings */; };
		84DA2B1C14781890000075AC /* main.m in Sources */ = {isa = PBXBuildFile; fileRef = 84DA2B1B14781890000075AC /* main.m */; };
		84DA2B2014781890000075AC /* AppDelegate.m in Sources */ = {isa = PBXBuildFile; fileRef = 84DA2B1F14781890000075AC /* AppDelegate.m */; };
		84DA2B2314781890000075AC /* Skyrim_Crafting.xcdatamodeld in Sources */ = {isa = PBXBuildFile; fileRef = 84DA2B2114781890000075AC /* Skyrim_Crafting.xcdatamodeld */; };
		84DA2B2614781890000075AC /* MasterViewController.m in Sources */ = {isa = PBXBuildFile; fileRef = 84DA2B2514781890000075AC /* MasterViewController.m */; };
		84DA2B2914781890000075AC /* DetailViewController.m in Sources */ = {isa = PBXBuildFile; fileRef = 84DA2B2814781890000075AC /* DetailViewController.m */; };
		84DA2B2C14781890000075AC /* MasterViewController.xib in Resources */ = {isa = PBXBuildFile; fileRef = 84DA2B2A14781890000075AC /* MasterViewController.xib */; };
		84DA2B2F14781890000075AC /* DetailViewController.xib in Resources */ = {isa = PBXBuildFile; fileRef = 84DA2B2D14781890000075AC /* DetailViewController.xib */; };
/* End PBXBuildFile section */

/* Begin PBXFileReference section */
		8448A32615240062005E31B8 /* Icon-72.png */ = {isa = PBXFileReference; lastKnownFileType = image.png; path = "Icon-72.png"; sourceTree = "<group>"; };
		8448A32715240062005E31B8 /* Icon.png */ = {isa = PBXFileReference; lastKnownFileType = image.png; path = Icon.png; sourceTree = "<group>"; };
		8448A32815240062005E31B8 /* Icon@2x.png */ = {isa = PBXFileReference; lastKnownFileType = image.png; path = "Icon@2x.png"; sourceTree = "<group>"; };
		8448A32915240062005E31B8 /* iTunesArtwork.png */ = {isa = PBXFileReference; lastKnownFileType = image.png; path = iTunesArtwork.png; sourceTree = "<group>"; };
		84508F61151140960026D3BC /* GADBannerView.h */ = {isa = PBXFileReference; fileEncoding = 4; lastKnownFileType = sourcecode.c.h; name = GADBannerView.h; path = "Skyrim Crafting.xcodeproj/GADBannerView.h"; sourceTree = SOURCE_ROOT; };
		84508F62151140960026D3BC /* GADBannerViewDelegate.h */ = {isa = PBXFileReference; fileEncoding = 4; lastKnownFileType = sourcecode.c.h; name = GADBannerViewDelegate.h; path = "Skyrim Crafting.xcodeproj/GADBannerViewDelegate.h"; sourceTree = SOURCE_ROOT; };
		84508F63151140960026D3BC /* GADInterstitial.h */ = {isa = PBXFileReference; fileEncoding = 4; lastKnownFileType = sourcecode.c.h; name = GADInterstitial.h; path = "Skyrim Crafting.xcodeproj/GADInterstitial.h"; sourceTree = SOURCE_ROOT; };
		84508F64151140960026D3BC /* GADInterstitialDelegate.h */ = {isa = PBXFileReference; fileEncoding = 4; lastKnownFileType = sourcecode.c.h; name = GADInterstitialDelegate.h; path = "Skyrim Crafting.xcodeproj/GADInterstitialDelegate.h"; sourceTree = SOURCE_ROOT; };
		84508F65151140960026D3BC /* GADRequest.h */ = {isa = PBXFileReference; fileEncoding = 4; lastKnownFileType = sourcecode.c.h; name = GADRequest.h; path = "Skyrim Crafting.xcodeproj/GADRequest.h"; sourceTree = SOURCE_ROOT; };
		84508F66151140960026D3BC /* GADRequestError.h */ = {isa = PBXFileReference; fileEncoding = 4; lastKnownFileType = sourcecode.c.h; name = GADRequestError.h; path = "Skyrim Crafting.xcodeproj/GADRequestError.h"; sourceTree = SOURCE_ROOT; };
		84508F67151140960026D3BC /* libGoogleAdMobAds.a */ = {isa = PBXFileReference; lastKnownFileType = archive.ar; name = libGoogleAdMobAds.a; path = "Skyrim Crafting.xcodeproj/libGoogleAdMobAds.a"; sourceTree = SOURCE_ROOT; };
		84508F6A151140DC0026D3BC /* AudioToolbox.framework */ = {isa = PBXFileReference; lastKnownFileType = wrapper.framework; name = AudioToolbox.framework; path = System/Library/Frameworks/AudioToolbox.framework; sourceTree = SDKROOT; };
		84508F6C151140E70026D3BC /* MessageUI.framework */ = {isa = PBXFileReference; lastKnownFileType = wrapper.framework; name = MessageUI.framework; path = System/Library/Frameworks/MessageUI.framework; sourceTree = SDKROOT; };
		84508F6E151140F50026D3BC /* SystemConfiguration.framework */ = {isa = PBXFileReference; lastKnownFileType = wrapper.framework; name = SystemConfiguration.framework; path = System/Library/Frameworks/SystemConfiguration.framework; sourceTree = SDKROOT; };
		84508F7E1513AFE40026D3BC /* Icon-72.png */ = {isa = PBXFileReference; lastKnownFileType = image.png; path = "Icon-72.png"; sourceTree = "<group>"; };
		84508F7F1513AFE40026D3BC /* Icon.png */ = {isa = PBXFileReference; lastKnownFileType = image.png; path = Icon.png; sourceTree = "<group>"; };
		84508F801513AFE40026D3BC /* Icon@2x.png */ = {isa = PBXFileReference; lastKnownFileType = image.png; path = "Icon@2x.png"; sourceTree = "<group>"; };
		84508F811513AFE40026D3BC /* iTunesArtwork.png */ = {isa = PBXFileReference; lastKnownFileType = image.png; path = iTunesArtwork.png; sourceTree = "<group>"; };
		84508F861513B4F90026D3BC /* Default.png */ = {isa = PBXFileReference; lastKnownFileType = image.png; path = Default.png; sourceTree = "<group>"; };
		84508F871513B4F90026D3BC /* Default@2x.png */ = {isa = PBXFileReference; lastKnownFileType = image.png; path = "Default@2x.png"; sourceTree = "<group>"; };
		8464134D1485D00000922D4A /* PotionsViewController.h */ = {isa = PBXFileReference; fileEncoding = 4; lastKnownFileType = sourcecode.c.h; path = PotionsViewController.h; sourceTree = "<group>"; };
		8464134E1485D00000922D4A /* PotionsViewController.m */ = {isa = PBXFileReference; fileEncoding = 4; lastKnownFileType = sourcecode.c.objc; path = PotionsViewController.m; sourceTree = "<group>"; };
		846413511485D16800922D4A /* IngredientsViewController.h */ = {isa = PBXFileReference; fileEncoding = 4; lastKnownFileType = sourcecode.c.h; path = IngredientsViewController.h; sourceTree = "<group>"; };
		846413521485D16800922D4A /* IngredientsViewController.m */ = {isa = PBXFileReference; fileEncoding = 4; lastKnownFileType = sourcecode.c.objc; path = IngredientsViewController.m; sourceTree = "<group>"; };
		846413611485EE0100922D4A /* Component.h */ = {isa = PBXFileReference; fileEncoding = 4; lastKnownFileType = sourcecode.c.h; path = Component.h; sourceTree = "<group>"; };
		846413621485EE0100922D4A /* Component.m */ = {isa = PBXFileReference; fileEncoding = 4; lastKnownFileType = sourcecode.c.objc; path = Component.m; sourceTree = "<group>"; };
		846413641485EE0100922D4A /* Ingredient.h */ = {isa = PBXFileReference; fileEncoding = 4; lastKnownFileType = sourcecode.c.h; path = Ingredient.h; sourceTree = "<group>"; };
		846413651485EE0100922D4A /* Ingredient.m */ = {isa = PBXFileReference; fileEncoding = 4; lastKnownFileType = sourcecode.c.objc; path = Ingredient.m; sourceTree = "<group>"; };
		8464136A1485EE0100922D4A /* Recipe.h */ = {isa = PBXFileReference; fileEncoding = 4; lastKnownFileType = sourcecode.c.h; path = Recipe.h; sourceTree = "<group>"; };
		8464136B1485EE0100922D4A /* Recipe.m */ = {isa = PBXFileReference; fileEncoding = 4; lastKnownFileType = sourcecode.c.objc; path = Recipe.m; sourceTree = "<group>"; };
		8464136D1485EE0100922D4A /* Equipment.h */ = {isa = PBXFileReference; fileEncoding = 4; lastKnownFileType = sourcecode.c.h; path = Equipment.h; sourceTree = "<group>"; };
		8464136E1485EE0100922D4A /* Equipment.m */ = {isa = PBXFileReference; fileEncoding = 4; lastKnownFileType = sourcecode.c.objc; path = Equipment.m; sourceTree = "<group>"; };
		846413701485EE4A00922D4A /* Effect.h */ = {isa = PBXFileReference; fileEncoding = 4; lastKnownFileType = sourcecode.c.h; path = Effect.h; sourceTree = "<group>"; };
		846413711485EE4A00922D4A /* Effect.m */ = {isa = PBXFileReference; fileEncoding = 4; lastKnownFileType = sourcecode.c.objc; path = Effect.m; sourceTree = "<group>"; };
		846413731485EF3300922D4A /* IngredientDetailViewController.h */ = {isa = PBXFileReference; fileEncoding = 4; lastKnownFileType = sourcecode.c.h; path = IngredientDetailViewController.h; sourceTree = "<group>"; };
		846413741485EF3300922D4A /* IngredientDetailViewController.m */ = {isa = PBXFileReference; fileEncoding = 4; lastKnownFileType = sourcecode.c.objc; path = IngredientDetailViewController.m; sourceTree = "<group>"; };
		84736EF514986A4400BA49A5 /* WeaponsViewController.h */ = {isa = PBXFileReference; fileEncoding = 4; lastKnownFileType = sourcecode.c.h; path = WeaponsViewController.h; sourceTree = "<group>"; };
		84736EF614986A4400BA49A5 /* WeaponsViewController.m */ = {isa = PBXFileReference; fileEncoding = 4; lastKnownFileType = sourcecode.c.objc; path = WeaponsViewController.m; sourceTree = "<group>"; };
		8474C0EB148C6C1B008601D6 /* ArmorsViewController.h */ = {isa = PBXFileReference; fileEncoding = 4; lastKnownFileType = sourcecode.c.h; path = ArmorsViewController.h; sourceTree = "<group>"; };
		8474C0EC148C6C1B008601D6 /* ArmorsViewController.m */ = {isa = PBXFileReference; fileEncoding = 4; lastKnownFileType = sourcecode.c.objc; path = ArmorsViewController.m; sourceTree = "<group>"; };
		848D9B2414871D9D004AD149 /* PotionDetailViewController.h */ = {isa = PBXFileReference; fileEncoding = 4; lastKnownFileType = sourcecode.c.h; path = PotionDetailViewController.h; sourceTree = "<group>"; };
		848D9B2514871D9D004AD149 /* PotionDetailViewController.m */ = {isa = PBXFileReference; fileEncoding = 4; lastKnownFileType = sourcecode.c.objc; path = PotionDetailViewController.m; sourceTree = "<group>"; };
		84AEEC3714A04300009E9AA2 /* 91-beaker-2.png */ = {isa = PBXFileReference; lastKnownFileType = image.png; path = "91-beaker-2.png"; sourceTree = "<group>"; };
		84AEEC3814A04300009E9AA2 /* 91-beaker-2@2x.png */ = {isa = PBXFileReference; lastKnownFileType = image.png; path = "91-beaker-2@2x.png"; sourceTree = "<group>"; };
		84AEEC3B14A04381009E9AA2 /* 134-viking.png */ = {isa = PBXFileReference; lastKnownFileType = image.png; path = "134-viking.png"; sourceTree = "<group>"; };
		84AEEC3C14A04381009E9AA2 /* 134-viking@2x.png */ = {isa = PBXFileReference; lastKnownFileType = image.png; path = "134-viking@2x.png"; sourceTree = "<group>"; };
		84AEEC3F14A043B6009E9AA2 /* 224-flower.png */ = {isa = PBXFileReference; lastKnownFileType = image.png; path = "224-flower.png"; sourceTree = "<group>"; };
		84AEEC4014A043B6009E9AA2 /* 224-flower@2x.png */ = {isa = PBXFileReference; lastKnownFileType = image.png; path = "224-flower@2x.png"; sourceTree = "<group>"; };
		84AEEC4314A043D8009E9AA2 /* 251-sword.png */ = {isa = PBXFileReference; lastKnownFileType = image.png; path = "251-sword.png"; sourceTree = "<group>"; };
		84AEEC4414A043D8009E9AA2 /* 251-sword@2x.png */ = {isa = PBXFileReference; lastKnownFileType = image.png; path = "251-sword@2x.png"; sourceTree = "<group>"; };
		84AEEC4714A04427009E9AA2 /* EquipmentDetailViewController.h */ = {isa = PBXFileReference; fileEncoding = 4; lastKnownFileType = sourcecode.c.h; path = EquipmentDetailViewController.h; sourceTree = "<group>"; };
		84AEEC4814A04427009E9AA2 /* EquipmentDetailViewController.m */ = {isa = PBXFileReference; fileEncoding = 4; lastKnownFileType = sourcecode.c.objc; path = EquipmentDetailViewController.m; sourceTree = "<group>"; };
		84AEEC4C14A176CF009E9AA2 /* ComponentViewController.h */ = {isa = PBXFileReference; fileEncoding = 4; lastKnownFileType = sourcecode.c.h; path = ComponentViewController.h; sourceTree = "<group>"; };
		84AEEC4D14A176D0009E9AA2 /* ComponentViewController.m */ = {isa = PBXFileReference; fileEncoding = 4; lastKnownFileType = sourcecode.c.objc; path = ComponentViewController.m; sourceTree = "<group>"; };
		84AEEC5114A17881009E9AA2 /* ComponentDetailViewController.h */ = {isa = PBXFileReference; fileEncoding = 4; lastKnownFileType = sourcecode.c.h; path = ComponentDetailViewController.h; sourceTree = "<group>"; };
		84AEEC5214A17881009E9AA2 /* ComponentDetailViewController.m */ = {isa = PBXFileReference; fileEncoding = 4; lastKnownFileType = sourcecode.c.objc; path = ComponentDetailViewController.m; sourceTree = "<group>"; };
		84AEEC5414A17AAB009E9AA2 /* 181-hammer.png */ = {isa = PBXFileReference; lastKnownFileType = image.png; path = "181-hammer.png"; sourceTree = "<group>"; };
		84AEEC5514A17AAB009E9AA2 /* 181-hammer@2x.png */ = {isa = PBXFileReference; lastKnownFileType = image.png; path = "181-hammer@2x.png"; sourceTree = "<group>"; };
		84AEEC5C14A2DAC5009E9AA2 /* Skyrim_Crafting.sqlite */ = {isa = PBXFileReference; lastKnownFileType = file; path = Skyrim_Crafting.sqlite; sourceTree = "<group>"; };
		84DA2B091478188F000075AC /* Skyrim Crafting.app */ = {isa = PBXFileReference; explicitFileType = wrapper.application; includeInIndex = 0; path = "Skyrim Crafting.app"; sourceTree = BUILT_PRODUCTS_DIR; };
		84DA2B0D1478188F000075AC /* UIKit.framework */ = {isa = PBXFileReference; lastKnownFileType = wrapper.framework; name = UIKit.framework; path = System/Library/Frameworks/UIKit.framework; sourceTree = SDKROOT; };
		84DA2B0F1478188F000075AC /* Foundation.framework */ = {isa = PBXFileReference; lastKnownFileType = wrapper.framework; name = Foundation.framework; path = System/Library/Frameworks/Foundation.framework; sourceTree = SDKROOT; };
		84DA2B111478188F000075AC /* CoreGraphics.framework */ = {isa = PBXFileReference; lastKnownFileType = wrapper.framework; name = CoreGraphics.framework; path = System/Library/Frameworks/CoreGraphics.framework; sourceTree = SDKROOT; };
		84DA2B131478188F000075AC /* CoreData.framework */ = {isa = PBXFileReference; lastKnownFileType = wrapper.framework; name = CoreData.framework; path = System/Library/Frameworks/CoreData.framework; sourceTree = SDKROOT; };
		84DA2B1714781890000075AC /* Skyrim Crafting-Info.plist */ = {isa = PBXFileReference; lastKnownFileType = text.plist.xml; path = "Skyrim Crafting-Info.plist"; sourceTree = "<group>"; };
		84DA2B1914781890000075AC /* en */ = {isa = PBXFileReference; lastKnownFileType = text.plist.strings; name = en; path = en.lproj/InfoPlist.strings; sourceTree = "<group>"; };
		84DA2B1B14781890000075AC /* main.m */ = {isa = PBXFileReference; lastKnownFileType = sourcecode.c.objc; path = main.m; sourceTree = "<group>"; };
		84DA2B1D14781890000075AC /* Skyrim Crafting-Prefix.pch */ = {isa = PBXFileReference; lastKnownFileType = sourcecode.c.h; path = "Skyrim Crafting-Prefix.pch"; sourceTree = "<group>"; };
		84DA2B1E14781890000075AC /* AppDelegate.h */ = {isa = PBXFileReference; lastKnownFileType = sourcecode.c.h; path = AppDelegate.h; sourceTree = "<group>"; };
		84DA2B1F14781890000075AC /* AppDelegate.m */ = {isa = PBXFileReference; lastKnownFileType = sourcecode.c.objc; path = AppDelegate.m; sourceTree = "<group>"; };
		84DA2B2214781890000075AC /* Skyrim_Crafting.xcdatamodel */ = {isa = PBXFileReference; lastKnownFileType = wrapper.xcdatamodel; path = Skyrim_Crafting.xcdatamodel; sourceTree = "<group>"; };
		84DA2B2414781890000075AC /* MasterViewController.h */ = {isa = PBXFileReference; lastKnownFileType = sourcecode.c.h; path = MasterViewController.h; sourceTree = "<group>"; };
		84DA2B2514781890000075AC /* MasterViewController.m */ = {isa = PBXFileReference; lastKnownFileType = sourcecode.c.objc; path = MasterViewController.m; sourceTree = "<group>"; };
		84DA2B2714781890000075AC /* DetailViewController.h */ = {isa = PBXFileReference; lastKnownFileType = sourcecode.c.h; path = DetailViewController.h; sourceTree = "<group>"; };
		84DA2B2814781890000075AC /* DetailViewController.m */ = {isa = PBXFileReference; lastKnownFileType = sourcecode.c.objc; path = DetailViewController.m; sourceTree = "<group>"; };
		84DA2B2B14781890000075AC /* en */ = {isa = PBXFileReference; lastKnownFileType = file.xib; name = en; path = en.lproj/MasterViewController.xib; sourceTree = "<group>"; };
		84DA2B2E14781890000075AC /* en */ = {isa = PBXFileReference; lastKnownFileType = file.xib; name = en; path = en.lproj/DetailViewController.xib; sourceTree = "<group>"; };
/* End PBXFileReference section */

/* Begin PBXFrameworksBuildPhase section */
		84DA2B061478188F000075AC /* Frameworks */ = {
			isa = PBXFrameworksBuildPhase;
			buildActionMask = 2147483647;
			files = (
				84508F70151141870026D3BC /* SystemConfiguration.framework in Frameworks */,
				84508F6D151140E70026D3BC /* MessageUI.framework in Frameworks */,
				84508F6B151140DC0026D3BC /* AudioToolbox.framework in Frameworks */,
				84DA2B0E1478188F000075AC /* UIKit.framework in Frameworks */,
				84DA2B101478188F000075AC /* Foundation.framework in Frameworks */,
				84DA2B121478188F000075AC /* CoreGraphics.framework in Frameworks */,
				84DA2B1414781890000075AC /* CoreData.framework in Frameworks */,
				84508F68151140960026D3BC /* libGoogleAdMobAds.a in Frameworks */,
			);
			runOnlyForDeploymentPostprocessing = 0;
		};
/* End PBXFrameworksBuildPhase section */

/* Begin PBXGroup section */
		84508F691511409A0026D3BC /* Admob */ = {
			isa = PBXGroup;
			children = (
				84508F61151140960026D3BC /* GADBannerView.h */,
				84508F62151140960026D3BC /* GADBannerViewDelegate.h */,
				84508F63151140960026D3BC /* GADInterstitial.h */,
				84508F64151140960026D3BC /* GADInterstitialDelegate.h */,
				84508F65151140960026D3BC /* GADRequest.h */,
				84508F66151140960026D3BC /* GADRequestError.h */,
				84508F67151140960026D3BC /* libGoogleAdMobAds.a */,
			);
			name = Admob;
			sourceTree = "<group>";
		};
		84508F751513AEDF0026D3BC /* Icons */ = {
			isa = PBXGroup;
			children = (
				84508F861513B4F90026D3BC /* Default.png */,
				84508F871513B4F90026D3BC /* Default@2x.png */,
				8448A32615240062005E31B8 /* Icon-72.png */,
				8448A32715240062005E31B8 /* Icon.png */,
				8448A32815240062005E31B8 /* Icon@2x.png */,
				8448A32915240062005E31B8 /* iTunesArtwork.png */,
				84508F7E1513AFE40026D3BC /* Icon-72.png */,
				84508F7F1513AFE40026D3BC /* Icon.png */,
				84508F801513AFE40026D3BC /* Icon@2x.png */,
				84508F811513AFE40026D3BC /* iTunesArtwork.png */,
			);
			name = Icons;
			sourceTree = "<group>";
		};
		84AEEC3514A042F3009E9AA2 /* Images */ = {
			isa = PBXGroup;
			children = (
				84508F751513AEDF0026D3BC /* Icons */,
				84AEEC3B14A04381009E9AA2 /* 134-viking.png */,
				84AEEC3C14A04381009E9AA2 /* 134-viking@2x.png */,
				84AEEC3714A04300009E9AA2 /* 91-beaker-2.png */,
				84AEEC3814A04300009E9AA2 /* 91-beaker-2@2x.png */,
				84AEEC5414A17AAB009E9AA2 /* 181-hammer.png */,
				84AEEC5514A17AAB009E9AA2 /* 181-hammer@2x.png */,
				84AEEC3F14A043B6009E9AA2 /* 224-flower.png */,
				84AEEC4014A043B6009E9AA2 /* 224-flower@2x.png */,
				84AEEC4314A043D8009E9AA2 /* 251-sword.png */,
				84AEEC4414A043D8009E9AA2 /* 251-sword@2x.png */,
			);
			name = Images;
			sourceTree = "<group>";
		};
		84DA2AFE1478188F000075AC = {
			isa = PBXGroup;
			children = (
				84508F6E151140F50026D3BC /* SystemConfiguration.framework */,
				84508F6C151140E70026D3BC /* MessageUI.framework */,
				84508F6A151140DC0026D3BC /* AudioToolbox.framework */,
				84DA2B1514781890000075AC /* Skyrim Crafting */,
				84DA2B0C1478188F000075AC /* Frameworks */,
				84DA2B0A1478188F000075AC /* Products */,
			);
			sourceTree = "<group>";
		};
		84DA2B0A1478188F000075AC /* Products */ = {
			isa = PBXGroup;
			children = (
				84DA2B091478188F000075AC /* Skyrim Crafting.app */,
			);
			name = Products;
			sourceTree = "<group>";
		};
		84DA2B0C1478188F000075AC /* Frameworks */ = {
			isa = PBXGroup;
			children = (
				84DA2B0D1478188F000075AC /* UIKit.framework */,
				84DA2B0F1478188F000075AC /* Foundation.framework */,
				84DA2B111478188F000075AC /* CoreGraphics.framework */,
				84DA2B131478188F000075AC /* CoreData.framework */,
			);
			name = Frameworks;
			sourceTree = "<group>";
		};
		84DA2B1514781890000075AC /* Skyrim Crafting */ = {
			isa = PBXGroup;
			children = (
				84508F691511409A0026D3BC /* Admob */,
				84AEEC3514A042F3009E9AA2 /* Images */,
				84DA2B1E14781890000075AC /* AppDelegate.h */,
				84DA2B1F14781890000075AC /* AppDelegate.m */,
				84DA2B2414781890000075AC /* MasterViewController.h */,
				84DA2B2514781890000075AC /* MasterViewController.m */,
				84DA2B2714781890000075AC /* DetailViewController.h */,
				84DA2B2814781890000075AC /* DetailViewController.m */,
				8464134D1485D00000922D4A /* PotionsViewController.h */,
				8464134E1485D00000922D4A /* PotionsViewController.m */,
				848D9B2414871D9D004AD149 /* PotionDetailViewController.h */,
				848D9B2514871D9D004AD149 /* PotionDetailViewController.m */,
				846413511485D16800922D4A /* IngredientsViewController.h */,
				846413521485D16800922D4A /* IngredientsViewController.m */,
				846413731485EF3300922D4A /* IngredientDetailViewController.h */,
				846413741485EF3300922D4A /* IngredientDetailViewController.m */,
				84DA2B2A14781890000075AC /* MasterViewController.xib */,
				84DA2B2D14781890000075AC /* DetailViewController.xib */,
				84DA2B2114781890000075AC /* Skyrim_Crafting.xcdatamodeld */,
				84DA2B491478287D000075AC /* Data Models */,
				84DA2B1614781890000075AC /* Supporting Files */,
				8474C0EB148C6C1B008601D6 /* ArmorsViewController.h */,
				8474C0EC148C6C1B008601D6 /* ArmorsViewController.m */,
				84736EF514986A4400BA49A5 /* WeaponsViewController.h */,
				84736EF614986A4400BA49A5 /* WeaponsViewController.m */,
				84AEEC4714A04427009E9AA2 /* EquipmentDetailViewController.h */,
				84AEEC4814A04427009E9AA2 /* EquipmentDetailViewController.m */,
				84AEEC4C14A176CF009E9AA2 /* ComponentViewController.h */,
				84AEEC4D14A176D0009E9AA2 /* ComponentViewController.m */,
				84AEEC5114A17881009E9AA2 /* ComponentDetailViewController.h */,
				84AEEC5214A17881009E9AA2 /* ComponentDetailViewController.m */,
			);
			path = "Skyrim Crafting";
			sourceTree = "<group>";
		};
		84DA2B1614781890000075AC /* Supporting Files */ = {
			isa = PBXGroup;
			children = (
				84AEEC5C14A2DAC5009E9AA2 /* Skyrim_Crafting.sqlite */,
				84DA2B1714781890000075AC /* Skyrim Crafting-Info.plist */,
				84DA2B1814781890000075AC /* InfoPlist.strings */,
				84DA2B1B14781890000075AC /* main.m */,
				84DA2B1D14781890000075AC /* Skyrim Crafting-Prefix.pch */,
			);
			name = "Supporting Files";
			sourceTree = "<group>";
		};
		84DA2B491478287D000075AC /* Data Models */ = {
			isa = PBXGroup;
			children = (
				846413701485EE4A00922D4A /* Effect.h */,
				846413711485EE4A00922D4A /* Effect.m */,
				8464136D1485EE0100922D4A /* Equipment.h */,
				8464136E1485EE0100922D4A /* Equipment.m */,
				8464136A1485EE0100922D4A /* Recipe.h */,
				8464136B1485EE0100922D4A /* Recipe.m */,
				846413641485EE0100922D4A /* Ingredient.h */,
				846413651485EE0100922D4A /* Ingredient.m */,
				846413611485EE0100922D4A /* Component.h */,
				846413621485EE0100922D4A /* Component.m */,
			);
			name = "Data Models";
			sourceTree = "<group>";
		};
/* End PBXGroup section */

/* Begin PBXNativeTarget section */
		84DA2B081478188F000075AC /* Skyrim Crafting */ = {
			isa = PBXNativeTarget;
			buildConfigurationList = 84DA2B3214781890000075AC /* Build configuration list for PBXNativeTarget "Skyrim Crafting" */;
			buildPhases = (
				84DA2B051478188F000075AC /* Sources */,
				84DA2B061478188F000075AC /* Frameworks */,
				84DA2B071478188F000075AC /* Resources */,
			);
			buildRules = (
			);
			dependencies = (
			);
			name = "Skyrim Crafting";
			productName = "Skyrim Crafting";
			productReference = 84DA2B091478188F000075AC /* Skyrim Crafting.app */;
			productType = "com.apple.product-type.application";
		};
/* End PBXNativeTarget section */

/* Begin PBXProject section */
		84DA2B001478188F000075AC /* Project object */ = {
			isa = PBXProject;
			attributes = {
				LastUpgradeCheck = 0420;
			};
			buildConfigurationList = 84DA2B031478188F000075AC /* Build configuration list for PBXProject "Skyrim Crafting" */;
			compatibilityVersion = "Xcode 3.2";
			developmentRegion = English;
			hasScannedForEncodings = 0;
			knownRegions = (
				en,
			);
			mainGroup = 84DA2AFE1478188F000075AC;
			productRefGroup = 84DA2B0A1478188F000075AC /* Products */;
			projectDirPath = "";
			projectRoot = "";
			targets = (
				84DA2B081478188F000075AC /* Skyrim Crafting */,
			);
		};
/* End PBXProject section */

/* Begin PBXResourcesBuildPhase section */
		84DA2B071478188F000075AC /* Resources */ = {
			isa = PBXResourcesBuildPhase;
			buildActionMask = 2147483647;
			files = (
				84DA2B1A14781890000075AC /* InfoPlist.strings in Resources */,
				84DA2B2C14781890000075AC /* MasterViewController.xib in Resources */,
				84DA2B2F14781890000075AC /* DetailViewController.xib in Resources */,
				84AEEC3914A04300009E9AA2 /* 91-beaker-2.png in Resources */,
				84AEEC3A14A04300009E9AA2 /* 91-beaker-2@2x.png in Resources */,
				84AEEC3D14A04381009E9AA2 /* 134-viking.png in Resources */,
				84AEEC3E14A04381009E9AA2 /* 134-viking@2x.png in Resources */,
				84AEEC4114A043B6009E9AA2 /* 224-flower.png in Resources */,
				84AEEC4214A043B6009E9AA2 /* 224-flower@2x.png in Resources */,
				84AEEC4514A043D8009E9AA2 /* 251-sword.png in Resources */,
				84AEEC4614A043D8009E9AA2 /* 251-sword@2x.png in Resources */,
				84AEEC5614A17AAB009E9AA2 /* 181-hammer.png in Resources */,
				84AEEC5714A17AAB009E9AA2 /* 181-hammer@2x.png in Resources */,
				84AEEC5D14A2DAC5009E9AA2 /* Skyrim_Crafting.sqlite in Resources */,
				84508F821513AFE40026D3BC /* Icon-72.png in Resources */,
				84508F831513AFE40026D3BC /* Icon.png in Resources */,
				84508F841513AFE40026D3BC /* Icon@2x.png in Resources */,
				84508F851513AFE40026D3BC /* iTunesArtwork.png in Resources */,
				84508F881513B4F90026D3BC /* Default.png in Resources */,
				84508F891513B4F90026D3BC /* Default@2x.png in Resources */,
				8448A32A15240062005E31B8 /* Icon-72.png in Resources */,
				8448A32B15240062005E31B8 /* Icon.png in Resources */,
				8448A32C15240062005E31B8 /* Icon@2x.png in Resources */,
				8448A32D15240062005E31B8 /* iTunesArtwork.png in Resources */,
			);
			runOnlyForDeploymentPostprocessing = 0;
		};
/* End PBXResourcesBuildPhase section */

/* Begin PBXSourcesBuildPhase section */
		84DA2B051478188F000075AC /* Sources */ = {
			isa = PBXSourcesBuildPhase;
			buildActionMask = 2147483647;
			files = (
				84DA2B1C14781890000075AC /* main.m in Sources */,
				84DA2B2014781890000075AC /* AppDelegate.m in Sources */,
				84DA2B2314781890000075AC /* Skyrim_Crafting.xcdatamodeld in Sources */,
				84DA2B2614781890000075AC /* MasterViewController.m in Sources */,
				84DA2B2914781890000075AC /* DetailViewController.m in Sources */,
				8464134F1485D00000922D4A /* PotionsViewController.m in Sources */,
				846413531485D16800922D4A /* IngredientsViewController.m in Sources */,
				846413631485EE0100922D4A /* Component.m in Sources */,
				846413661485EE0100922D4A /* Ingredient.m in Sources */,
				8464136C1485EE0100922D4A /* Recipe.m in Sources */,
				8464136F1485EE0100922D4A /* Equipment.m in Sources */,
				846413721485EE4A00922D4A /* Effect.m in Sources */,
				846413751485EF3300922D4A /* IngredientDetailViewController.m in Sources */,
				848D9B2614871D9D004AD149 /* PotionDetailViewController.m in Sources */,
				8474C0ED148C6C1B008601D6 /* ArmorsViewController.m in Sources */,
				84736EF714986A4400BA49A5 /* WeaponsViewController.m in Sources */,
				84AEEC4914A04427009E9AA2 /* EquipmentDetailViewController.m in Sources */,
				84AEEC4E14A176D0009E9AA2 /* ComponentViewController.m in Sources */,
				84AEEC5314A17881009E9AA2 /* ComponentDetailViewController.m in Sources */,
			);
			runOnlyForDeploymentPostprocessing = 0;
		};
/* End PBXSourcesBuildPhase section */

/* Begin PBXVariantGroup section */
		84DA2B1814781890000075AC /* InfoPlist.strings */ = {
			isa = PBXVariantGroup;
			children = (
				84DA2B1914781890000075AC /* en */,
			);
			name = InfoPlist.strings;
			sourceTree = "<group>";
		};
		84DA2B2A14781890000075AC /* MasterViewController.xib */ = {
			isa = PBXVariantGroup;
			children = (
				84DA2B2B14781890000075AC /* en */,
			);
			name = MasterViewController.xib;
			sourceTree = "<group>";
		};
		84DA2B2D14781890000075AC /* DetailViewController.xib */ = {
			isa = PBXVariantGroup;
			children = (
				84DA2B2E14781890000075AC /* en */,
			);
			name = DetailViewController.xib;
			sourceTree = "<group>";
		};
/* End PBXVariantGroup section */

/* Begin XCBuildConfiguration section */
		84DA2B3014781890000075AC /* Debug */ = {
			isa = XCBuildConfiguration;
			buildSettings = {
				ALWAYS_SEARCH_USER_PATHS = NO;
				ARCHS = "$(ARCHS_STANDARD_32_BIT)";
				"CODE_SIGN_IDENTITY[sdk=iphoneos*]" = "iPhone Developer";
				COPY_PHASE_STRIP = NO;
				GCC_C_LANGUAGE_STANDARD = gnu99;
				GCC_DYNAMIC_NO_PIC = NO;
				GCC_OPTIMIZATION_LEVEL = 0;
				GCC_PREPROCESSOR_DEFINITIONS = (
					"DEBUG=1",
					"$(inherited)",
				);
				GCC_SYMBOLS_PRIVATE_EXTERN = NO;
				GCC_VERSION = com.apple.compilers.llvm.clang.1_0;
				GCC_WARN_ABOUT_MISSING_PROTOTYPES = YES;
				GCC_WARN_ABOUT_RETURN_TYPE = YES;
				GCC_WARN_UNUSED_VARIABLE = YES;
				IPHONEOS_DEPLOYMENT_TARGET = 4.0;
				SDKROOT = iphoneos;
			};
			name = Debug;
		};
		84DA2B3114781890000075AC /* Release */ = {
			isa = XCBuildConfiguration;
			buildSettings = {
				ALWAYS_SEARCH_USER_PATHS = NO;
				ARCHS = "$(ARCHS_STANDARD_32_BIT)";
				"CODE_SIGN_IDENTITY[sdk=iphoneos*]" = "iPhone Developer";
				COPY_PHASE_STRIP = YES;
				GCC_C_LANGUAGE_STANDARD = gnu99;
				GCC_VERSION = com.apple.compilers.llvm.clang.1_0;
				GCC_WARN_ABOUT_MISSING_PROTOTYPES = YES;
				GCC_WARN_ABOUT_RETURN_TYPE = YES;
				GCC_WARN_UNUSED_VARIABLE = YES;
				IPHONEOS_DEPLOYMENT_TARGET = 4.0;
				OTHER_CFLAGS = "-DNS_BLOCK_ASSERTIONS=1";
				SDKROOT = iphoneos;
				VALIDATE_PRODUCT = YES;
			};
			name = Release;
		};
		84DA2B3314781890000075AC /* Debug */ = {
			isa = XCBuildConfiguration;
			buildSettings = {
				ARCHS = "$(ARCHS_STANDARD_32_BIT)";
				CODE_SIGN_IDENTITY = "iPhone Distribution";
				"CODE_SIGN_IDENTITY[sdk=iphoneos*]" = "iPhone Distribution";
				GCC_PRECOMPILE_PREFIX_HEADER = YES;
				GCC_PREFIX_HEADER = "Skyrim Crafting/Skyrim Crafting-Prefix.pch";
				INFOPLIST_FILE = "Skyrim Crafting/Skyrim Crafting-Info.plist";
				IPHONEOS_DEPLOYMENT_TARGET = 4.0;
				LIBRARY_SEARCH_PATHS = (
					"$(inherited)",
					"\"$(SRCROOT)/GoogleAdMobAdsSDK\"",
					"\"$(SRCROOT)/Skyrim Crafting.xcodeproj\"",
				);
				PRODUCT_NAME = "$(TARGET_NAME)";
				PROVISIONING_PROFILE = "";
				"PROVISIONING_PROFILE[sdk=iphoneos*]" = "";
				VALID_ARCHS = "armv7 armv6";
				WRAPPER_EXTENSION = app;
			};
			name = Debug;
		};
		84DA2B3414781890000075AC /* Release */ = {
			isa = XCBuildConfiguration;
			buildSettings = {
				ARCHS = "$(ARCHS_STANDARD_32_BIT)";
				CODE_SIGN_IDENTITY = "iPhone Distribution";
				"CODE_SIGN_IDENTITY[sdk=iphoneos*]" = "iPhone Distribution";
				GCC_PRECOMPILE_PREFIX_HEADER = YES;
				GCC_PREFIX_HEADER = "Skyrim Crafting/Skyrim Crafting-Prefix.pch";
				INFOPLIST_FILE = "Skyrim Crafting/Skyrim Crafting-Info.plist";
				IPHONEOS_DEPLOYMENT_TARGET = 4.0;
				LIBRARY_SEARCH_PATHS = (
					"$(inherited)",
					"\"$(SRCROOT)/GoogleAdMobAdsSDK\"",
					"\"$(SRCROOT)/Skyrim Crafting.xcodeproj\"",
				);
				PRODUCT_NAME = "$(TARGET_NAME)";
				PROVISIONING_PROFILE = "";
				"PROVISIONING_PROFILE[sdk=iphoneos*]" = "";
				VALID_ARCHS = "armv7 armv6";
				WRAPPER_EXTENSION = app;
			};
			name = Release;
		};
/* End XCBuildConfiguration section */

/* Begin XCConfigurationList section */
		84DA2B031478188F000075AC /* Build configuration list for PBXProject "Skyrim Crafting" */ = {
			isa = XCConfigurationList;
			buildConfigurations = (
				84DA2B3014781890000075AC /* Debug */,
				84DA2B3114781890000075AC /* Release */,
			);
			defaultConfigurationIsVisible = 0;
			defaultConfigurationName = Release;
		};
		84DA2B3214781890000075AC /* Build configuration list for PBXNativeTarget "Skyrim Crafting" */ = {
			isa = XCConfigurationList;
			buildConfigurations = (
				84DA2B3314781890000075AC /* Debug */,
				84DA2B3414781890000075AC /* Release */,
			);
			defaultConfigurationIsVisible = 0;
			defaultConfigurationName = Release;
		};
/* End XCConfigurationList section */

/* Begin XCVersionGroup section */
		84DA2B2114781890000075AC /* Skyrim_Crafting.xcdatamodeld */ = {
			isa = XCVersionGroup;
			children = (
				84DA2B2214781890000075AC /* Skyrim_Crafting.xcdatamodel */,
			);
			currentVersion = 84DA2B2214781890000075AC /* Skyrim_Crafting.xcdatamodel */;
			path = Skyrim_Crafting.xcdatamodeld;
			sourceTree = "<group>";
			versionGroupType = wrapper.xcdatamodel;
		};
/* End XCVersionGroup section */
	};
	rootObject = 84DA2B001478188F000075AC /* Project object */;
}
